
Microsoft Visual Studio Solution File, Format Version 12.00
# Visual Studio Version 17
VisualStudioVersion = 17.6.33723.286
MinimumVisualStudioVersion = 10.0.40219.1
Project("{888888A0-9F3D-457C-B088-3A5042F75D52}") = "Check Plex Shutdown", "Check Plex Shutdown\Check Plex Shutdown.pyproj", "{53862BBC-9521-4A73-82CE-A78139217C1B}"
EndProject
Global
	GlobalSection(SolutionConfigurationPlatforms) = preSolution
		Debug|Any CPU = Debug|Any CPU
		Release|Any CPU = Release|Any CPU
	EndGlobalSection
	GlobalSection(ProjectConfigurationPlatforms) = postSolution
		{53862BBC-9521-4A73-82CE-A78139217C1B}.Debug|Any CPU.ActiveCfg = Debug|Any CPU
		{53862BBC-9521-4A73-82CE-A78139217C1B}.Release|Any CPU.ActiveCfg = Release|Any CPU
	EndGlobalSection
	GlobalSection(SolutionProperties) = preSolution
		HideSolutionNode = FALSE
	EndGlobalSection
	GlobalSection(ExtensibilityGlobals) = postSolution
		SolutionGuid = {98DE10F7-1DBB-488D-BD84-80DDAF2DEE88}
	EndGlobalSection
EndGlobal
